
Microsoft Visual Studio Solution File, Format Version 12.00
# Visual Studio Version 17
VisualStudioVersion = 17.9.34902.65
MinimumVisualStudioVersion = 10.0.40219.1
Project("{8BC9CEB8-8B4A-11D0-8D11-00A0C91BC942}") = "Project57", "Project57\Project57.vcxproj", "{DC883709-70C0-4ED6-BCEF-36141AED35B4}"
EndProject
Global
	GlobalSection(SolutionConfigurationPlatforms) = preSolution
		Debug|x64 = Debug|x64
		Debug|x86 = Debug|x86
		Release|x64 = Release|x64
		Release|x86 = Release|x86
	EndGlobalSection
	GlobalSection(ProjectConfigurationPlatforms) = postSolution
		{DC883709-70C0-4ED6-BCEF-36141AED35B4}.Debug|x64.ActiveCfg = Debug|x64
		{DC883709-70C0-4ED6-BCEF-36141AED35B4}.Debug|x64.Build.0 = Debug|x64
		{DC883709-70C0-4ED6-BCEF-36141AED35B4}.Debug|x86.ActiveCfg = Debug|Win32
		{DC883709-70C0-4ED6-BCEF-36141AED35B4}.Debug|x86.Build.0 = Debug|Win32
		{DC883709-70C0-4ED6-BCEF-36141AED35B4}.Release|x64.ActiveCfg = Release|x64
		{DC883709-70C0-4ED6-BCEF-36141AED35B4}.Release|x64.Build.0 = Release|x64
		{DC883709-70C0-4ED6-BCEF-36141AED35B4}.Release|x86.ActiveCfg = Release|Win32
		{DC883709-70C0-4ED6-BCEF-36141AED35B4}.Release|x86.Build.0 = Release|Win32
	EndGlobalSection
	GlobalSection(SolutionProperties) = preSolution
		HideSolutionNode = FALSE
	EndGlobalSection
	GlobalSection(ExtensibilityGlobals) = postSolution
		SolutionGuid = {A55F996C-32D4-4E3E-BD70-96292C234B50}
	EndGlobalSection
EndGlobal
